
Microsoft Visual Studio Solution File, Format Version 12.00
# Visual Studio Version 17
VisualStudioVersion = 17.13.35825.156 d17.13
MinimumVisualStudioVersion = 10.0.40219.1
Project("{888888A0-9F3D-457C-B088-3A5042F75D52}") = "ASL_NeuralNetwork", "ASL_NeuralNetwork.pyproj", "{085F7BEF-4C33-4289-A244-357DC1ECD429}"
EndProject
Global
	GlobalSection(SolutionConfigurationPlatforms) = preSolution
		Debug|Any CPU = Debug|Any CPU
		Release|Any CPU = Release|Any CPU
	EndGlobalSection
	GlobalSection(ProjectConfigurationPlatforms) = postSolution
		{085F7BEF-4C33-4289-A244-357DC1ECD429}.Debug|Any CPU.ActiveCfg = Debug|Any CPU
		{085F7BEF-4C33-4289-A244-357DC1ECD429}.Release|Any CPU.ActiveCfg = Release|Any CPU
	EndGlobalSection
	GlobalSection(SolutionProperties) = preSolution
		HideSolutionNode = FALSE
	EndGlobalSection
	GlobalSection(ExtensibilityGlobals) = postSolution
		SolutionGuid = {1E35BF9D-3AB5-4BCE-9B44-DCEDBED6DBEB}
	EndGlobalSection
EndGlobal
